
Microsoft Visual Studio Solution File, Format Version 12.00
# Visual Studio Version 17
VisualStudioVersion = 17.9.34728.123
MinimumVisualStudioVersion = 10.0.40219.1
Project("{2150E333-8FDC-42A3-9474-1A3956D46DE8}") = "Behavior", "Behavior", "{30A67F87-F805-4609-A83C-F755ADC4D811}"
EndProject
Project("{2150E333-8FDC-42A3-9474-1A3956D46DE8}") = "Creational", "Creational", "{42C966A1-1877-49F5-A155-6D27493BE265}"
EndProject
Project("{2150E333-8FDC-42A3-9474-1A3956D46DE8}") = "Structural", "Structural", "{654EE9BE-891A-41BB-9D90-64FC95D74EDD}"
EndProject
Project("{9A19103F-16F7-4668-BE54-9A1E7A4F7556}") = "Creational.FactoryMethod", "Creational.FactoryMethod\Creational.FactoryMethod.csproj", "{753E2CE6-1CC9-493F-BED0-9FDDF2225353}"
EndProject
Project("{2150E333-8FDC-42A3-9474-1A3956D46DE8}") = "Solution Items", "Solution Items", "{768B1329-1C55-40CE-92A5-CBFB439727CC}"
	ProjectSection(SolutionItems) = preProject
		.editorconfig = .editorconfig
	EndProjectSection
EndProject
Project("{2150E333-8FDC-42A3-9474-1A3956D46DE8}") = "FactoryMethod", "FactoryMethod", "{2B07E37D-365B-4107-95C8-175523557CBA}"
EndProject
Project("{9A19103F-16F7-4668-BE54-9A1E7A4F7556}") = "Creational.FactoryMethod.UnitTests", "Creational.FactoryMethod.UnitTests\Creational.FactoryMethod.UnitTests.csproj", "{85F1A01E-53ED-4A8C-A992-D5AE7198C74E}"
EndProject
Project("{2150E333-8FDC-42A3-9474-1A3956D46DE8}") = "AbstractFactory", "AbstractFactory", "{F13038F4-3A65-431A-A89B-C6D3348E3454}"
EndProject
Project("{9A19103F-16F7-4668-BE54-9A1E7A4F7556}") = "Creational.AbstractFactory", "Creational.AbstractFactory\Creational.AbstractFactory.csproj", "{824006B4-72AB-46A5-B80E-DB290E192338}"
EndProject
Project("{9A19103F-16F7-4668-BE54-9A1E7A4F7556}") = "Creational.AbstractFactory.UnitTests", "Creational.AbstractFactory.UnitTests\Creational.AbstractFactory.UnitTests.csproj", "{A683204A-B41A-4D7D-8029-B5C0623D3480}"
EndProject
Project("{2150E333-8FDC-42A3-9474-1A3956D46DE8}") = "Builder", "Builder", "{9100E919-74BF-4AE5-BAC5-9EBE3C714016}"
EndProject
Project("{9A19103F-16F7-4668-BE54-9A1E7A4F7556}") = "Creational.Builder", "Creational.Builder\Creational.Builder.csproj", "{DE4734D1-19F8-4A2A-B7E4-6C5007A095CB}"
EndProject
Project("{9A19103F-16F7-4668-BE54-9A1E7A4F7556}") = "Creational.Builder.UnitTests", "Creational.Builder.UnitTests\Creational.Builder.UnitTests.csproj", "{0C0434EC-F19D-4D10-87F0-3338BF463C72}"
EndProject
Project("{2150E333-8FDC-42A3-9474-1A3956D46DE8}") = "Prototype", "Prototype", "{90D20742-F903-43FF-BB05-0005FE4B26DA}"
EndProject
Project("{9A19103F-16F7-4668-BE54-9A1E7A4F7556}") = "Creational.Prototype", "Creational.Prototype\Creational.Prototype.csproj", "{20202DF2-A291-43AB-9750-3CB649623C98}"
EndProject
Project("{9A19103F-16F7-4668-BE54-9A1E7A4F7556}") = "Creational.Prototype.UnitTests", "Creational.Prototype.UnitTests\Creational.Prototype.UnitTests.csproj", "{157AB56F-6ECD-4EEF-8796-F0C5C9095498}"
EndProject
Project("{2150E333-8FDC-42A3-9474-1A3956D46DE8}") = "Singleton", "Singleton", "{0D24A9EE-0C11-432B-B58C-7C94EF96C321}"
EndProject
Project("{9A19103F-16F7-4668-BE54-9A1E7A4F7556}") = "Creational.Singleton", "Creational.Singleton\Creational.Singleton.csproj", "{EB049CB4-3B53-4313-A244-0AD32A4EC251}"
EndProject
Project("{9A19103F-16F7-4668-BE54-9A1E7A4F7556}") = "Creational.Singleton.UnitTests", "Creational.Singleton.UnitTests\Creational.Singleton.UnitTests.csproj", "{69D6E2B8-D325-44F3-AD1D-79FF4B37E622}"
EndProject
Project("{2150E333-8FDC-42A3-9474-1A3956D46DE8}") = "Adapter", "Adapter", "{BA4B404D-FF03-48C2-BDA6-8818DA37979C}"
EndProject
Project("{9A19103F-16F7-4668-BE54-9A1E7A4F7556}") = "Structural.Adapter", "Structural.Adapter\Structural.Adapter.csproj", "{B19A6D8E-FEE8-4BDE-ACC0-A387C50086FE}"
EndProject
Project("{9A19103F-16F7-4668-BE54-9A1E7A4F7556}") = "Structural.Adapter.UnitTests", "Structural.Adapter.UnitTests\Structural.Adapter.UnitTests.csproj", "{1F7C44AA-823E-43FD-A73D-0C8D8A7739AB}"
EndProject
Project("{2150E333-8FDC-42A3-9474-1A3956D46DE8}") = "Bridge", "Bridge", "{AA351375-4547-4626-A60F-4A9D5402BD15}"
EndProject
Project("{9A19103F-16F7-4668-BE54-9A1E7A4F7556}") = "Structural.Bridge", "Structural.Bridge\Structural.Bridge.csproj", "{03C2F147-65E5-44E1-B719-D0895351711D}"
EndProject
Project("{9A19103F-16F7-4668-BE54-9A1E7A4F7556}") = "Structural.Bridge.UnitTests", "Structural.Bridge.UnitTests\Structural.Bridge.UnitTests.csproj", "{64C8975A-48AB-455A-86DF-5267669D211D}"
EndProject
Project("{2150E333-8FDC-42A3-9474-1A3956D46DE8}") = "Composite", "Composite", "{BF6A94A3-E49D-46DA-ABB6-658CD4866C24}"
EndProject
Project("{9A19103F-16F7-4668-BE54-9A1E7A4F7556}") = "Structural.Composite", "Structural.Composite\Structural.Composite.csproj", "{4EA7BB64-8324-42FE-9E5F-9572D80A0DDA}"
EndProject
Project("{9A19103F-16F7-4668-BE54-9A1E7A4F7556}") = "Structural.Composite.UnitTests", "Structural.Composite.UnitTests\Structural.Composite.UnitTests.csproj", "{45396A93-6BAA-45BF-A99C-8A36110F51A2}"
EndProject
Project("{2150E333-8FDC-42A3-9474-1A3956D46DE8}") = "Decorator", "Decorator", "{B0EA7CF8-5B88-4583-9796-A2C58112B68F}"
EndProject
Project("{FAE04EC0-301F-11D3-BF4B-00C04F79EFBC}") = "Structural.Decorator", "Structural.Decorator\Structural.Decorator.csproj", "{D7AD0385-CA2E-426E-AA57-F8049EE19882}"
EndProject
Project("{FAE04EC0-301F-11D3-BF4B-00C04F79EFBC}") = "Structural.Decorator.UnitTests", "Structural.Decorator.UnitTests\Structural.Decorator.UnitTests.csproj", "{E0365F46-07C7-45EC-8D64-86BA094CBF11}"
EndProject
Project("{2150E333-8FDC-42A3-9474-1A3956D46DE8}") = "Facade", "Facade", "{0BEC54A0-6709-487D-A804-6C085FBA4510}"
EndProject
Project("{FAE04EC0-301F-11D3-BF4B-00C04F79EFBC}") = "Structural.Facade", "Structural.Facade\Structural.Facade.csproj", "{3CF898FD-5AD0-4972-90F9-28E65AAE1051}"
EndProject
Project("{FAE04EC0-301F-11D3-BF4B-00C04F79EFBC}") = "Structural.Facade.UnitTests", "Structural.Facade.UnitTests\Structural.Facade.UnitTests.csproj", "{DA986DE1-82B0-494F-BDE6-7B38BADA74D5}"
EndProject
Project("{2150E333-8FDC-42A3-9474-1A3956D46DE8}") = "Flyweight", "Flyweight", "{FCA17D4A-BC03-420A-9C3D-6EBB79B64CED}"
EndProject
Project("{FAE04EC0-301F-11D3-BF4B-00C04F79EFBC}") = "Structural.Flyweight.UnitTests", "Structural.Flyweight.UnitTests\Structural.Flyweight.UnitTests.csproj", "{E4C929E9-42F5-41B8-99FE-05501F1455A9}"
EndProject
Project("{FAE04EC0-301F-11D3-BF4B-00C04F79EFBC}") = "Structural.Flyweight", "Structural.Flyweight\Structural.Flyweight.csproj", "{C77ED4E6-DE6C-444F-B3F3-67AE9AA5B141}"
EndProject
Global
	GlobalSection(SolutionConfigurationPlatforms) = preSolution
		Debug|Any CPU = Debug|Any CPU
		Release|Any CPU = Release|Any CPU
	EndGlobalSection
	GlobalSection(ProjectConfigurationPlatforms) = postSolution
		{753E2CE6-1CC9-493F-BED0-9FDDF2225353}.Debug|Any CPU.ActiveCfg = Debug|Any CPU
		{753E2CE6-1CC9-493F-BED0-9FDDF2225353}.Debug|Any CPU.Build.0 = Debug|Any CPU
		{753E2CE6-1CC9-493F-BED0-9FDDF2225353}.Release|Any CPU.ActiveCfg = Release|Any CPU
		{753E2CE6-1CC9-493F-BED0-9FDDF2225353}.Release|Any CPU.Build.0 = Release|Any CPU
		{85F1A01E-53ED-4A8C-A992-D5AE7198C74E}.Debug|Any CPU.ActiveCfg = Debug|Any CPU
		{85F1A01E-53ED-4A8C-A992-D5AE7198C74E}.Debug|Any CPU.Build.0 = Debug|Any CPU
		{85F1A01E-53ED-4A8C-A992-D5AE7198C74E}.Release|Any CPU.ActiveCfg = Release|Any CPU
		{85F1A01E-53ED-4A8C-A992-D5AE7198C74E}.Release|Any CPU.Build.0 = Release|Any CPU
		{824006B4-72AB-46A5-B80E-DB290E192338}.Debug|Any CPU.ActiveCfg = Debug|Any CPU
		{824006B4-72AB-46A5-B80E-DB290E192338}.Debug|Any CPU.Build.0 = Debug|Any CPU
		{824006B4-72AB-46A5-B80E-DB290E192338}.Release|Any CPU.ActiveCfg = Release|Any CPU
		{824006B4-72AB-46A5-B80E-DB290E192338}.Release|Any CPU.Build.0 = Release|Any CPU
		{A683204A-B41A-4D7D-8029-B5C0623D3480}.Debug|Any CPU.ActiveCfg = Debug|Any CPU
		{A683204A-B41A-4D7D-8029-B5C0623D3480}.Debug|Any CPU.Build.0 = Debug|Any CPU
		{A683204A-B41A-4D7D-8029-B5C0623D3480}.Release|Any CPU.ActiveCfg = Release|Any CPU
		{A683204A-B41A-4D7D-8029-B5C0623D3480}.Release|Any CPU.Build.0 = Release|Any CPU
		{DE4734D1-19F8-4A2A-B7E4-6C5007A095CB}.Debug|Any CPU.ActiveCfg = Debug|Any CPU
		{DE4734D1-19F8-4A2A-B7E4-6C5007A095CB}.Debug|Any CPU.Build.0 = Debug|Any CPU
		{DE4734D1-19F8-4A2A-B7E4-6C5007A095CB}.Release|Any CPU.ActiveCfg = Release|Any CPU
		{DE4734D1-19F8-4A2A-B7E4-6C5007A095CB}.Release|Any CPU.Build.0 = Release|Any CPU
		{0C0434EC-F19D-4D10-87F0-3338BF463C72}.Debug|Any CPU.ActiveCfg = Debug|Any CPU
		{0C0434EC-F19D-4D10-87F0-3338BF463C72}.Debug|Any CPU.Build.0 = Debug|Any CPU
		{0C0434EC-F19D-4D10-87F0-3338BF463C72}.Release|Any CPU.ActiveCfg = Release|Any CPU
		{0C0434EC-F19D-4D10-87F0-3338BF463C72}.Release|Any CPU.Build.0 = Release|Any CPU
		{20202DF2-A291-43AB-9750-3CB649623C98}.Debug|Any CPU.ActiveCfg = Debug|Any CPU
		{20202DF2-A291-43AB-9750-3CB649623C98}.Debug|Any CPU.Build.0 = Debug|Any CPU
		{20202DF2-A291-43AB-9750-3CB649623C98}.Release|Any CPU.ActiveCfg = Release|Any CPU
		{20202DF2-A291-43AB-9750-3CB649623C98}.Release|Any CPU.Build.0 = Release|Any CPU
		{157AB56F-6ECD-4EEF-8796-F0C5C9095498}.Debug|Any CPU.ActiveCfg = Debug|Any CPU
		{157AB56F-6ECD-4EEF-8796-F0C5C9095498}.Debug|Any CPU.Build.0 = Debug|Any CPU
		{157AB56F-6ECD-4EEF-8796-F0C5C9095498}.Release|Any CPU.ActiveCfg = Release|Any CPU
		{157AB56F-6ECD-4EEF-8796-F0C5C9095498}.Release|Any CPU.Build.0 = Release|Any CPU
		{EB049CB4-3B53-4313-A244-0AD32A4EC251}.Debug|Any CPU.ActiveCfg = Debug|Any CPU
		{EB049CB4-3B53-4313-A244-0AD32A4EC251}.Debug|Any CPU.Build.0 = Debug|Any CPU
		{EB049CB4-3B53-4313-A244-0AD32A4EC251}.Release|Any CPU.ActiveCfg = Release|Any CPU
		{EB049CB4-3B53-4313-A244-0AD32A4EC251}.Release|Any CPU.Build.0 = Release|Any CPU
		{69D6E2B8-D325-44F3-AD1D-79FF4B37E622}.Debug|Any CPU.ActiveCfg = Debug|Any CPU
		{69D6E2B8-D325-44F3-AD1D-79FF4B37E622}.Debug|Any CPU.Build.0 = Debug|Any CPU
		{69D6E2B8-D325-44F3-AD1D-79FF4B37E622}.Release|Any CPU.ActiveCfg = Release|Any CPU
		{69D6E2B8-D325-44F3-AD1D-79FF4B37E622}.Release|Any CPU.Build.0 = Release|Any CPU
		{B19A6D8E-FEE8-4BDE-ACC0-A387C50086FE}.Debug|Any CPU.ActiveCfg = Debug|Any CPU
		{B19A6D8E-FEE8-4BDE-ACC0-A387C50086FE}.Debug|Any CPU.Build.0 = Debug|Any CPU
		{B19A6D8E-FEE8-4BDE-ACC0-A387C50086FE}.Release|Any CPU.ActiveCfg = Release|Any CPU
		{B19A6D8E-FEE8-4BDE-ACC0-A387C50086FE}.Release|Any CPU.Build.0 = Release|Any CPU
		{1F7C44AA-823E-43FD-A73D-0C8D8A7739AB}.Debug|Any CPU.ActiveCfg = Debug|Any CPU
		{1F7C44AA-823E-43FD-A73D-0C8D8A7739AB}.Debug|Any CPU.Build.0 = Debug|Any CPU
		{1F7C44AA-823E-43FD-A73D-0C8D8A7739AB}.Release|Any CPU.ActiveCfg = Release|Any CPU
		{1F7C44AA-823E-43FD-A73D-0C8D8A7739AB}.Release|Any CPU.Build.0 = Release|Any CPU
		{03C2F147-65E5-44E1-B719-D0895351711D}.Debug|Any CPU.ActiveCfg = Debug|Any CPU
		{03C2F147-65E5-44E1-B719-D0895351711D}.Debug|Any CPU.Build.0 = Debug|Any CPU
		{03C2F147-65E5-44E1-B719-D0895351711D}.Release|Any CPU.ActiveCfg = Release|Any CPU
		{03C2F147-65E5-44E1-B719-D0895351711D}.Release|Any CPU.Build.0 = Release|Any CPU
		{64C8975A-48AB-455A-86DF-5267669D211D}.Debug|Any CPU.ActiveCfg = Debug|Any CPU
		{64C8975A-48AB-455A-86DF-5267669D211D}.Debug|Any CPU.Build.0 = Debug|Any CPU
		{64C8975A-48AB-455A-86DF-5267669D211D}.Release|Any CPU.ActiveCfg = Release|Any CPU
		{64C8975A-48AB-455A-86DF-5267669D211D}.Release|Any CPU.Build.0 = Release|Any CPU
		{4EA7BB64-8324-42FE-9E5F-9572D80A0DDA}.Debug|Any CPU.ActiveCfg = Debug|Any CPU
		{4EA7BB64-8324-42FE-9E5F-9572D80A0DDA}.Debug|Any CPU.Build.0 = Debug|Any CPU
		{4EA7BB64-8324-42FE-9E5F-9572D80A0DDA}.Release|Any CPU.ActiveCfg = Release|Any CPU
		{4EA7BB64-8324-42FE-9E5F-9572D80A0DDA}.Release|Any CPU.Build.0 = Release|Any CPU
		{45396A93-6BAA-45BF-A99C-8A36110F51A2}.Debug|Any CPU.ActiveCfg = Debug|Any CPU
		{45396A93-6BAA-45BF-A99C-8A36110F51A2}.Debug|Any CPU.Build.0 = Debug|Any CPU
		{45396A93-6BAA-45BF-A99C-8A36110F51A2}.Release|Any CPU.ActiveCfg = Release|Any CPU
		{45396A93-6BAA-45BF-A99C-8A36110F51A2}.Release|Any CPU.Build.0 = Release|Any CPU
		{D7AD0385-CA2E-426E-AA57-F8049EE19882}.Debug|Any CPU.ActiveCfg = Debug|Any CPU
		{D7AD0385-CA2E-426E-AA57-F8049EE19882}.Debug|Any CPU.Build.0 = Debug|Any CPU
		{D7AD0385-CA2E-426E-AA57-F8049EE19882}.Release|Any CPU.ActiveCfg = Release|Any CPU
		{D7AD0385-CA2E-426E-AA57-F8049EE19882}.Release|Any CPU.Build.0 = Release|Any CPU
		{E0365F46-07C7-45EC-8D64-86BA094CBF11}.Debug|Any CPU.ActiveCfg = Debug|Any CPU
		{E0365F46-07C7-45EC-8D64-86BA094CBF11}.Debug|Any CPU.Build.0 = Debug|Any CPU
		{E0365F46-07C7-45EC-8D64-86BA094CBF11}.Release|Any CPU.ActiveCfg = Release|Any CPU
		{E0365F46-07C7-45EC-8D64-86BA094CBF11}.Release|Any CPU.Build.0 = Release|Any CPU
		{3CF898FD-5AD0-4972-90F9-28E65AAE1051}.Debug|Any CPU.ActiveCfg = Debug|Any CPU
		{3CF898FD-5AD0-4972-90F9-28E65AAE1051}.Debug|Any CPU.Build.0 = Debug|Any CPU
		{3CF898FD-5AD0-4972-90F9-28E65AAE1051}.Release|Any CPU.ActiveCfg = Release|Any CPU
		{3CF898FD-5AD0-4972-90F9-28E65AAE1051}.Release|Any CPU.Build.0 = Release|Any CPU
		{DA986DE1-82B0-494F-BDE6-7B38BADA74D5}.Debug|Any CPU.ActiveCfg = Debug|Any CPU
		{DA986DE1-82B0-494F-BDE6-7B38BADA74D5}.Debug|Any CPU.Build.0 = Debug|Any CPU
		{DA986DE1-82B0-494F-BDE6-7B38BADA74D5}.Release|Any CPU.ActiveCfg = Release|Any CPU
		{DA986DE1-82B0-494F-BDE6-7B38BADA74D5}.Release|Any CPU.Build.0 = Release|Any CPU
		{E4C929E9-42F5-41B8-99FE-05501F1455A9}.Debug|Any CPU.ActiveCfg = Debug|Any CPU
		{E4C929E9-42F5-41B8-99FE-05501F1455A9}.Debug|Any CPU.Build.0 = Debug|Any CPU
		{E4C929E9-42F5-41B8-99FE-05501F1455A9}.Release|Any CPU.ActiveCfg = Release|Any CPU
		{E4C929E9-42F5-41B8-99FE-05501F1455A9}.Release|Any CPU.Build.0 = Release|Any CPU
		{C77ED4E6-DE6C-444F-B3F3-67AE9AA5B141}.Debug|Any CPU.ActiveCfg = Debug|Any CPU
		{C77ED4E6-DE6C-444F-B3F3-67AE9AA5B141}.Debug|Any CPU.Build.0 = Debug|Any CPU
		{C77ED4E6-DE6C-444F-B3F3-67AE9AA5B141}.Release|Any CPU.ActiveCfg = Release|Any CPU
		{C77ED4E6-DE6C-444F-B3F3-67AE9AA5B141}.Release|Any CPU.Build.0 = Release|Any CPU
	EndGlobalSection
	GlobalSection(SolutionProperties) = preSolution
		HideSolutionNode = FALSE
	EndGlobalSection
	GlobalSection(NestedProjects) = preSolution
		{753E2CE6-1CC9-493F-BED0-9FDDF2225353} = {2B07E37D-365B-4107-95C8-175523557CBA}
		{2B07E37D-365B-4107-95C8-175523557CBA} = {42C966A1-1877-49F5-A155-6D27493BE265}
		{85F1A01E-53ED-4A8C-A992-D5AE7198C74E} = {2B07E37D-365B-4107-95C8-175523557CBA}
		{F13038F4-3A65-431A-A89B-C6D3348E3454} = {42C966A1-1877-49F5-A155-6D27493BE265}
		{824006B4-72AB-46A5-B80E-DB290E192338} = {F13038F4-3A65-431A-A89B-C6D3348E3454}
		{A683204A-B41A-4D7D-8029-B5C0623D3480} = {F13038F4-3A65-431A-A89B-C6D3348E3454}
		{9100E919-74BF-4AE5-BAC5-9EBE3C714016} = {42C966A1-1877-49F5-A155-6D27493BE265}
		{DE4734D1-19F8-4A2A-B7E4-6C5007A095CB} = {9100E919-74BF-4AE5-BAC5-9EBE3C714016}
		{0C0434EC-F19D-4D10-87F0-3338BF463C72} = {9100E919-74BF-4AE5-BAC5-9EBE3C714016}
		{90D20742-F903-43FF-BB05-0005FE4B26DA} = {42C966A1-1877-49F5-A155-6D27493BE265}
		{20202DF2-A291-43AB-9750-3CB649623C98} = {90D20742-F903-43FF-BB05-0005FE4B26DA}
		{157AB56F-6ECD-4EEF-8796-F0C5C9095498} = {90D20742-F903-43FF-BB05-0005FE4B26DA}
		{0D24A9EE-0C11-432B-B58C-7C94EF96C321} = {42C966A1-1877-49F5-A155-6D27493BE265}
		{EB049CB4-3B53-4313-A244-0AD32A4EC251} = {0D24A9EE-0C11-432B-B58C-7C94EF96C321}
		{69D6E2B8-D325-44F3-AD1D-79FF4B37E622} = {0D24A9EE-0C11-432B-B58C-7C94EF96C321}
		{BA4B404D-FF03-48C2-BDA6-8818DA37979C} = {654EE9BE-891A-41BB-9D90-64FC95D74EDD}
		{B19A6D8E-FEE8-4BDE-ACC0-A387C50086FE} = {BA4B404D-FF03-48C2-BDA6-8818DA37979C}
		{1F7C44AA-823E-43FD-A73D-0C8D8A7739AB} = {BA4B404D-FF03-48C2-BDA6-8818DA37979C}
		{AA351375-4547-4626-A60F-4A9D5402BD15} = {654EE9BE-891A-41BB-9D90-64FC95D74EDD}
		{03C2F147-65E5-44E1-B719-D0895351711D} = {AA351375-4547-4626-A60F-4A9D5402BD15}
		{64C8975A-48AB-455A-86DF-5267669D211D} = {AA351375-4547-4626-A60F-4A9D5402BD15}
		{BF6A94A3-E49D-46DA-ABB6-658CD4866C24} = {654EE9BE-891A-41BB-9D90-64FC95D74EDD}
		{4EA7BB64-8324-42FE-9E5F-9572D80A0DDA} = {BF6A94A3-E49D-46DA-ABB6-658CD4866C24}
		{45396A93-6BAA-45BF-A99C-8A36110F51A2} = {BF6A94A3-E49D-46DA-ABB6-658CD4866C24}
		{B0EA7CF8-5B88-4583-9796-A2C58112B68F} = {654EE9BE-891A-41BB-9D90-64FC95D74EDD}
		{D7AD0385-CA2E-426E-AA57-F8049EE19882} = {B0EA7CF8-5B88-4583-9796-A2C58112B68F}
		{E0365F46-07C7-45EC-8D64-86BA094CBF11} = {B0EA7CF8-5B88-4583-9796-A2C58112B68F}
		{0BEC54A0-6709-487D-A804-6C085FBA4510} = {654EE9BE-891A-41BB-9D90-64FC95D74EDD}
		{3CF898FD-5AD0-4972-90F9-28E65AAE1051} = {0BEC54A0-6709-487D-A804-6C085FBA4510}
		{DA986DE1-82B0-494F-BDE6-7B38BADA74D5} = {0BEC54A0-6709-487D-A804-6C085FBA4510}
		{FCA17D4A-BC03-420A-9C3D-6EBB79B64CED} = {654EE9BE-891A-41BB-9D90-64FC95D74EDD}
		{E4C929E9-42F5-41B8-99FE-05501F1455A9} = {FCA17D4A-BC03-420A-9C3D-6EBB79B64CED}
		{C77ED4E6-DE6C-444F-B3F3-67AE9AA5B141} = {FCA17D4A-BC03-420A-9C3D-6EBB79B64CED}
	EndGlobalSection
	GlobalSection(ExtensibilityGlobals) = postSolution
		SolutionGuid = {4A46AA7A-81C9-4910-A450-2585A43895D6}
	EndGlobalSection
EndGlobal
